
Microsoft Visual Studio Solution File, Format Version 12.00
# Visual Studio Version 16
VisualStudioVersion = 16.0.32106.194
MinimumVisualStudioVersion = 10.0.40219.1
Project("{FAE04EC0-301F-11D3-BF4B-00C04F79EFBC}") = "Pintegrador", "Pinicio\Pintegrador.csproj", "{1CAC6098-D1F4-4F8C-B1DD-F9BD267A683B}"
EndProject
Global
	GlobalSection(SolutionConfigurationPlatforms) = preSolution
		Debug|Any CPU = Debug|Any CPU
		Release|Any CPU = Release|Any CPU
	EndGlobalSection
	GlobalSection(ProjectConfigurationPlatforms) = postSolution
		{1CAC6098-D1F4-4F8C-B1DD-F9BD267A683B}.Debug|Any CPU.ActiveCfg = Debug|Any CPU
		{1CAC6098-D1F4-4F8C-B1DD-F9BD267A683B}.Debug|Any CPU.Build.0 = Debug|Any CPU
		{1CAC6098-D1F4-4F8C-B1DD-F9BD267A683B}.Release|Any CPU.ActiveCfg = Release|Any CPU
		{1CAC6098-D1F4-4F8C-B1DD-F9BD267A683B}.Release|Any CPU.Build.0 = Release|Any CPU
	EndGlobalSection
	GlobalSection(SolutionProperties) = preSolution
		HideSolutionNode = FALSE
	EndGlobalSection
	GlobalSection(ExtensibilityGlobals) = postSolution
		SolutionGuid = {A5FDA667-76E0-4B08-85B0-A387C6695A84}
	EndGlobalSection
EndGlobal
